
Microsoft Visual Studio Solution File, Format Version 12.00
# Visual Studio Version 17
VisualStudioVersion = 17.5.33627.172
MinimumVisualStudioVersion = 10.0.40219.1
Project("{9A19103F-16F7-4668-BE54-9A1E7A4F7556}") = "CoreLogic", "CoreLogic\CoreLogic.csproj", "{144AED0E-7AC6-43D9-8563-21BF28A2BC14}"
EndProject
Project("{9A19103F-16F7-4668-BE54-9A1E7A4F7556}") = "CoreTests", "CoreTests\CoreTests.csproj", "{9BD62267-BF87-4DA3-A502-5B21A07DD14E}"
EndProject
Project("{9A19103F-16F7-4668-BE54-9A1E7A4F7556}") = "WebApp", "WebApp\WebApp.csproj", "{BD65114B-3F42-4C58-9AE3-2D0D998B66AF}"
EndProject
Global
	GlobalSection(SolutionConfigurationPlatforms) = preSolution
		Debug|Any CPU = Debug|Any CPU
		Release|Any CPU = Release|Any CPU
	EndGlobalSection
	GlobalSection(ProjectConfigurationPlatforms) = postSolution
		{144AED0E-7AC6-43D9-8563-21BF28A2BC14}.Debug|Any CPU.ActiveCfg = Debug|Any CPU
		{144AED0E-7AC6-43D9-8563-21BF28A2BC14}.Debug|Any CPU.Build.0 = Debug|Any CPU
		{144AED0E-7AC6-43D9-8563-21BF28A2BC14}.Release|Any CPU.ActiveCfg = Release|Any CPU
		{144AED0E-7AC6-43D9-8563-21BF28A2BC14}.Release|Any CPU.Build.0 = Release|Any CPU
		{9BD62267-BF87-4DA3-A502-5B21A07DD14E}.Debug|Any CPU.ActiveCfg = Debug|Any CPU
		{9BD62267-BF87-4DA3-A502-5B21A07DD14E}.Debug|Any CPU.Build.0 = Debug|Any CPU
		{9BD62267-BF87-4DA3-A502-5B21A07DD14E}.Release|Any CPU.ActiveCfg = Release|Any CPU
		{9BD62267-BF87-4DA3-A502-5B21A07DD14E}.Release|Any CPU.Build.0 = Release|Any CPU
		{BD65114B-3F42-4C58-9AE3-2D0D998B66AF}.Debug|Any CPU.ActiveCfg = Debug|Any CPU
		{BD65114B-3F42-4C58-9AE3-2D0D998B66AF}.Debug|Any CPU.Build.0 = Debug|Any CPU
		{BD65114B-3F42-4C58-9AE3-2D0D998B66AF}.Release|Any CPU.ActiveCfg = Release|Any CPU
		{BD65114B-3F42-4C58-9AE3-2D0D998B66AF}.Release|Any CPU.Build.0 = Release|Any CPU
	EndGlobalSection
	GlobalSection(SolutionProperties) = preSolution
		HideSolutionNode = FALSE
	EndGlobalSection
	GlobalSection(ExtensibilityGlobals) = postSolution
		SolutionGuid = {6A1025FC-83B6-4C06-80C5-D1BCDD373A6E}
	EndGlobalSection
EndGlobal
